{
  "version": 4,
  "terraform_version": "1.10.5",
  "serial": 10,
  "lineage": "dcd3831d-fae0-2952-bbd5-c810abf32c45",
  "outputs": {
    "vm_ips": {
      "value": [
        [],
        []
      ],
      "type": [
        "tuple",
        [
          [
            "list",
            "string"
          ],
          [
            "list",
            "string"
          ]
        ]
      ]
    }
  },
  "resources": [
    {
      "mode": "data",
      "type": "xenorchestra_network",
      "name": "net",
      "provider": "provider[\"registry.terraform.io/terra-farm/xenorchestra\"]",
      "instances": [
        {
          "schema_version": 0,
          "attributes": {
            "bridge": "xenbr0",
            "id": "ac2c87c9-66d6-5bda-fd2c-a1c728df27bf",
            "name_label": "Pool-wide network associated with eth0",
            "pool_id": "6cd9950d-4933-fb13-be13-635a77cc3d86"
          },
          "sensitive_attributes": []
        }
      ]
    },
    {
      "mode": "data",
      "type": "xenorchestra_pool",
      "name": "pool",
      "provider": "provider[\"registry.terraform.io/terra-farm/xenorchestra\"]",
      "instances": [
        {
          "schema_version": 0,
          "attributes": {
            "cpus": {
              "cores": "12",
              "sockets": "2"
            },
            "description": "",
            "id": "6cd9950d-4933-fb13-be13-635a77cc3d86",
            "master": "880ffa85-5a31-4be6-984b-c6f0b97ee34e",
            "name_label": "PotentiaMaxima"
          },
          "sensitive_attributes": []
        }
      ]
    },
    {
      "mode": "data",
      "type": "xenorchestra_template",
      "name": "template",
      "provider": "provider[\"registry.terraform.io/terra-farm/xenorchestra\"]",
      "instances": [
        {
          "schema_version": 0,
          "attributes": {
            "id": "27fec597-4767-bfcb-e6c3-c723d19d077e",
            "name_label": "Ubuntu Jammy Jellyfish 22.04 Terraform",
            "pool_id": null,
            "uuid": "27fec597-4767-bfcb-e6c3-c723d19d077e"
          },
          "sensitive_attributes": []
        }
      ]
    },
    {
      "mode": "managed",
      "type": "xenorchestra_vm",
      "name": "dev_vms",
      "provider": "provider[\"registry.terraform.io/terra-farm/xenorchestra\"]",
      "instances": [
        {
          "index_key": 0,
          "schema_version": 1,
          "attributes": {
            "affinity_host": "880ffa85-5a31-4be6-984b-c6f0b97ee34e",
            "auto_poweron": false,
            "blocked_operations": null,
            "cdrom": [],
            "cloud_config": null,
            "cloud_network_config": null,
            "core_os": false,
            "cpu_cap": 0,
            "cpu_weight": 0,
            "cpus": 2,
            "destroy_cloud_config_vdi_after_boot": false,
            "disk": [
              {
                "attached": true,
                "name_description": "",
                "name_label": "backend",
                "position": "0",
                "size": 42949672960,
                "sr_id": "31ddfd7e-16e5-9075-0519-0148be53ec26",
                "vbd_id": "5edc606b-7d79-d09d-7ae8-21867b03a70b",
                "vdi_id": "d10ca4ab-5a54-4ea1-886b-1d9debc430de"
              }
            ],
            "exp_nested_hvm": false,
            "high_availability": "",
            "host": null,
            "hvm_boot_firmware": "bios",
            "id": "9c473bc1-aafc-9ba3-52e4-b20239d4ef85",
            "installation_method": null,
            "ipv4_addresses": [],
            "ipv6_addresses": [],
            "memory_max": 4294967296,
            "name_description": "",
            "name_label": "backend",
            "network": [
              {
                "attached": true,
                "device": "0",
                "ipv4_addresses": [],
                "ipv6_addresses": [],
                "mac_address": "3a:6c:08:ae:64:fc",
                "network_id": "ac2c87c9-66d6-5bda-fd2c-a1c728df27bf"
              }
            ],
            "power_state": "Running",
            "resource_set": "",
            "start_delay": 0,
            "tags": null,
            "template": "27fec597-4767-bfcb-e6c3-c723d19d077e",
            "timeouts": null,
            "vga": "std",
            "videoram": 8,
            "wait_for_ip": false
          },
          "sensitive_attributes": [],
          "private": "eyJlMmJmYjczMC1lY2FhLTExZTYtOGY4OC0zNDM2M2JjN2M0YzAiOnsiY3JlYXRlIjozMDAwMDAwMDAwMDAsImRlbGV0ZSI6MzAwMDAwMDAwMDAwLCJ1cGRhdGUiOjMwMDAwMDAwMDAwMH0sInNjaGVtYV92ZXJzaW9uIjoiMSJ9",
          "dependencies": [
            "data.xenorchestra_network.net",
            "data.xenorchestra_pool.pool",
            "data.xenorchestra_template.template"
          ]
        },
        {
          "index_key": 1,
          "schema_version": 1,
          "attributes": {
            "affinity_host": "880ffa85-5a31-4be6-984b-c6f0b97ee34e",
            "auto_poweron": false,
            "blocked_operations": null,
            "cdrom": [],
            "cloud_config": null,
            "cloud_network_config": null,
            "core_os": false,
            "cpu_cap": 0,
            "cpu_weight": 0,
            "cpus": 2,
            "destroy_cloud_config_vdi_after_boot": false,
            "disk": [
              {
                "attached": true,
                "name_description": "",
                "name_label": "frontend",
                "position": "0",
                "size": 42949672960,
                "sr_id": "31ddfd7e-16e5-9075-0519-0148be53ec26",
                "vbd_id": "662151bc-66b0-6018-06d0-e7727704dda0",
                "vdi_id": "a880c84e-ed9f-411a-981e-20623a2770c0"
              }
            ],
            "exp_nested_hvm": false,
            "high_availability": "",
            "host": null,
            "hvm_boot_firmware": "bios",
            "id": "ecf69780-18f2-a9f6-67f9-99874110e1c4",
            "installation_method": null,
            "ipv4_addresses": [],
            "ipv6_addresses": [],
            "memory_max": 4294967296,
            "name_description": "",
            "name_label": "frontend",
            "network": [
              {
                "attached": true,
                "device": "0",
                "ipv4_addresses": [],
                "ipv6_addresses": [],
                "mac_address": "76:85:ed:90:39:91",
                "network_id": "ac2c87c9-66d6-5bda-fd2c-a1c728df27bf"
              }
            ],
            "power_state": "Running",
            "resource_set": "",
            "start_delay": 0,
            "tags": null,
            "template": "27fec597-4767-bfcb-e6c3-c723d19d077e",
            "timeouts": null,
            "vga": "std",
            "videoram": 8,
            "wait_for_ip": false
          },
          "sensitive_attributes": [],
          "private": "eyJlMmJmYjczMC1lY2FhLTExZTYtOGY4OC0zNDM2M2JjN2M0YzAiOnsiY3JlYXRlIjozMDAwMDAwMDAwMDAsImRlbGV0ZSI6MzAwMDAwMDAwMDAwLCJ1cGRhdGUiOjMwMDAwMDAwMDAwMH0sInNjaGVtYV92ZXJzaW9uIjoiMSJ9",
          "dependencies": [
            "data.xenorchestra_network.net",
            "data.xenorchestra_pool.pool",
            "data.xenorchestra_template.template"
          ]
        }
      ]
    }
  ],
  "check_results": null
}
